
Microsoft Visual Studio Solution File, Format Version 12.00
# Visual Studio Version 17
VisualStudioVersion = 17.1.32421.90
MinimumVisualStudioVersion = 10.0.40219.1
Project("{FAE04EC0-301F-11D3-BF4B-00C04F79EFBC}") = "DatabaseConnectivity", "DatabaseConnectivity.csproj", "{264616C9-A4DE-4EA8-A89E-ECFB49FDC61B}"
EndProject
Global
	GlobalSection(SolutionConfigurationPlatforms) = preSolution
		Debug|Any CPU = Debug|Any CPU
		Release|Any CPU = Release|Any CPU
	EndGlobalSection
	GlobalSection(ProjectConfigurationPlatforms) = postSolution
		{264616C9-A4DE-4EA8-A89E-ECFB49FDC61B}.Debug|Any CPU.ActiveCfg = Debug|Any CPU
		{264616C9-A4DE-4EA8-A89E-ECFB49FDC61B}.Debug|Any CPU.Build.0 = Debug|Any CPU
		{264616C9-A4DE-4EA8-A89E-ECFB49FDC61B}.Release|Any CPU.ActiveCfg = Release|Any CPU
		{264616C9-A4DE-4EA8-A89E-ECFB49FDC61B}.Release|Any CPU.Build.0 = Release|Any CPU
	EndGlobalSection
	GlobalSection(SolutionProperties) = preSolution
		HideSolutionNode = FALSE
	EndGlobalSection
	GlobalSection(ExtensibilityGlobals) = postSolution
		SolutionGuid = {12338E3F-68B4-437A-A126-2454AC370B77}
	EndGlobalSection
EndGlobal
